{
  "name": "stencil-beers",
  "version": "0.0.1",
  "lockfileVersion": 1,
  "requires": true,
  "dependencies": {
    "@stencil/core": {
      "version": "2.3.0",
      "resolved": "https://registry.npmjs.org/@stencil/core/-/core-2.3.0.tgz",
      "integrity": "sha512-VZ/Ox0E1kngcmHbJhHUufuLELi+xG3of3LuRI3X2AMWyE82JUVYlOEsQci/YBZWpfc9BS9I36R88prBew22oew=="
    },
    "@stencil/store": {
      "version": "1.3.0",
      "resolved": "https://registry.npmjs.org/@stencil/store/-/store-1.3.0.tgz",
      "integrity": "sha512-e1/Ru/q8P5BkqUYMF+kW54rFWyH9XRABLcxFLruUlbw+ZIGN5OwKe6Rf1vw1wQSa/6vMy0EQq5IrkRYNhENpOA==",
      "dev": true
    },
    "bootstrap": {
      "version": "5.0.0-beta1",
      "resolved": "https://registry.npmjs.org/bootstrap/-/bootstrap-5.0.0-beta1.tgz",
      "integrity": "sha512-UrHApw/WRmT7l2rlDdn5iXr7Jps/LlMZtJlLn9G41aGDfss48hyDeYyHtX1C6NHKVcmdUarGG+ve0LZB5iHyTQ=="
    },
    "stencil-router-v2": {
      "version": "0.6.0",
      "resolved": "https://registry.npmjs.org/stencil-router-v2/-/stencil-router-v2-0.6.0.tgz",
      "integrity": "sha512-E6ncNTIbFOleADelSQ7V/aSkZvdyTW8OKpPqxLi3AdUf8EwN0vZAMsIKHyPPS2hHLCh2/qNyVb/pbnzOszYBCw==",
      "dev": true,
      "requires": {
        "@stencil/store": "^1.1.0"
      }
    }
  }
}
